
Microsoft Visual Studio Solution File, Format Version 12.00
# Visual Studio Version 17
VisualStudioVersion = 17.8.34525.116
MinimumVisualStudioVersion = 10.0.40219.1
Project("{FAE04EC0-301F-11D3-BF4B-00C04F79EFBC}") = "EjerciciosAPI", "EjerciciosAPI\EjerciciosAPI.csproj", "{B7DA3183-C66A-4619-97A8-811F85A64B20}"
EndProject
Global
	GlobalSection(SolutionConfigurationPlatforms) = preSolution
		Debug|Any CPU = Debug|Any CPU
		Release|Any CPU = Release|Any CPU
	EndGlobalSection
	GlobalSection(ProjectConfigurationPlatforms) = postSolution
		{B7DA3183-C66A-4619-97A8-811F85A64B20}.Debug|Any CPU.ActiveCfg = Debug|Any CPU
		{B7DA3183-C66A-4619-97A8-811F85A64B20}.Debug|Any CPU.Build.0 = Debug|Any CPU
		{B7DA3183-C66A-4619-97A8-811F85A64B20}.Release|Any CPU.ActiveCfg = Release|Any CPU
		{B7DA3183-C66A-4619-97A8-811F85A64B20}.Release|Any CPU.Build.0 = Release|Any CPU
	EndGlobalSection
	GlobalSection(SolutionProperties) = preSolution
		HideSolutionNode = FALSE
	EndGlobalSection
	GlobalSection(ExtensibilityGlobals) = postSolution
		SolutionGuid = {B28B6A7C-0D81-43F1-903F-890475B2C9B3}
	EndGlobalSection
EndGlobal
